{
  "name": "serve",
  "version": "1.0.0",
  "lockfileVersion": 2,
  "requires": true,
  "packages": {
    "": {
      "version": "1.0.0",
      "license": "ISC",
      "dependencies": {
        "koa": "^2.13.1",
        "koa-body": "^4.2.0",
        "koa-router": "^10.0.0",
        "koa-static": "^5.0.0"
      }
    },
    "node_modules/@types/formidable": {
      "version": "1.0.32",
      "resolved": "https://registry.npm.taobao.org/@types/formidable/download/@types/formidable-1.0.32.tgz",
      "integrity": "sha1-2afu+6qZWkSG7E45YOlVLmiz8zw=",
      "dependencies": {
        "@types/node": "*"
      }
    },
    "node_modules/@types/node": {
      "version": "14.14.20",
      "resolved": "https://registry.npm.taobao.org/@types/node/download/@types/node-14.14.20.tgz",
      "integrity": "sha1-95dIY+3SHR+KSUpz6OKzZYYVw0A="
    },
    "node_modules/accepts": {
      "version": "1.3.7",
      "resolved": "https://registry.npm.taobao.org/accepts/download/accepts-1.3.7.tgz",
      "integrity": "sha1-UxvHJlF6OytB+FACHGzBXqq1B80=",
      "dependencies": {
        "mime-types": "~2.1.24",
        "negotiator": "0.6.2"
      },
      "engines": {
        "node": ">= 0.6"
      }
    },
    "node_modules/any-promise": {
      "version": "1.3.0",
      "resolved": "https://registry.npm.taobao.org/any-promise/download/any-promise-1.3.0.tgz",
      "integrity": "sha1-q8av7tzqUugJzcA3au0845Y10X8="
    },
    "node_modules/bytes": {
      "version": "3.1.0",
      "resolved": "https://registry.npm.taobao.org/bytes/download/bytes-3.1.0.tgz",
      "integrity": "sha1-9s95M6Ng4FiPqf3oVlHNx/gF0fY=",
      "engines": {
        "node": ">= 0.8"
      }
    },
    "node_modules/cache-content-type": {
      "version": "1.0.1",
      "resolved": "https://registry.npm.taobao.org/cache-content-type/download/cache-content-type-1.0.1.tgz",
      "integrity": "sha1-A1zeKwjuISn0qDFeqPAKANuhRTw=",
      "dependencies": {
        "mime-types": "^2.1.18",
        "ylru": "^1.2.0"
      },
      "engines": {
        "node": ">= 6.0.0"
      }
    },
    "node_modules/co": {
      "version": "4.6.0",
      "resolved": "https://registry.npm.taobao.org/co/download/co-4.6.0.tgz",
      "integrity": "sha1-bqa989hTrlTMuOR7+gvz+QMfsYQ=",
      "engines": {
        "iojs": ">= 1.0.0",
        "node": ">= 0.12.0"
      }
    },
    "node_modules/co-body": {
      "version": "5.2.0",
      "resolved": "https://registry.npm.taobao.org/co-body/download/co-body-5.2.0.tgz?cache=0&sync_timestamp=1602173624065&other_urls=https%3A%2F%2Fregistry.npm.taobao.org%2Fco-body%2Fdownload%2Fco-body-5.2.0.tgz",
      "integrity": "sha1-WgpljEYCkTHg46MG9nZHMC9xwSQ=",
      "dependencies": {
        "inflation": "^2.0.0",
        "qs": "^6.4.0",
        "raw-body": "^2.2.0",
        "type-is": "^1.6.14"
      }
    },
    "node_modules/content-disposition": {
      "version": "0.5.3",
      "resolved": "https://registry.npm.taobao.org/content-disposition/download/content-disposition-0.5.3.tgz",
      "integrity": "sha1-4TDK9+cnkIfFYWwgB9BIVpiYT70=",
      "dependencies": {
        "safe-buffer": "5.1.2"
      },
      "engines": {
        "node": ">= 0.6"
      }
    },
    "node_modules/content-type": {
      "version": "1.0.4",
      "resolved": "https://registry.npm.taobao.org/content-type/download/content-type-1.0.4.tgz",
      "integrity": "sha1-4TjMdeBAxyexlm/l5fjJruJW/js=",
      "engines": {
        "node": ">= 0.6"
      }
    },
    "node_modules/cookies": {
      "version": "0.8.0",
      "resolved": "https://registry.npm.taobao.org/cookies/download/cookies-0.8.0.tgz",
      "integrity": "sha1-EpPOSzkXQKhAbjyYcOgoxLVPP5A=",
      "dependencies": {
        "depd": "~2.0.0",
        "keygrip": "~1.1.0"
      },
      "engines": {
        "node": ">= 0.8"
      }
    },
    "node_modules/cookies/node_modules/depd": {
      "version": "2.0.0",
      "resolved": "https://registry.npm.taobao.org/depd/download/depd-2.0.0.tgz",
      "integrity": "sha1-tpYWPMdXVg0JzyLMj60Vcbeedt8=",
      "engines": {
        "node": ">= 0.8"
      }
    },
    "node_modules/debug": {
      "version": "4.3.1",
      "resolved": "https://registry.npm.taobao.org/debug/download/debug-4.3.1.tgz?cache=0&sync_timestamp=1607566551397&other_urls=https%3A%2F%2Fregistry.npm.taobao.org%2Fdebug%2Fdownload%2Fdebug-4.3.1.tgz",
      "integrity": "sha1-8NIpxQXgxtjEmsVT0bE9wYP2su4=",
      "dependencies": {
        "ms": "2.1.2"
      },
      "engines": {
        "node": ">=6.0"
      }
    },
    "node_modules/deep-equal": {
      "version": "1.0.1",
      "resolved": "https://registry.npm.taobao.org/deep-equal/download/deep-equal-1.0.1.tgz?cache=0&sync_timestamp=1606860101281&other_urls=https%3A%2F%2Fregistry.npm.taobao.org%2Fdeep-equal%2Fdownload%2Fdeep-equal-1.0.1.tgz",
      "integrity": "sha1-9dJgKStmDghO/0zbyfCK0yR0SLU="
    },
    "node_modules/delegates": {
      "version": "1.0.0",
      "resolved": "https://registry.npm.taobao.org/delegates/download/delegates-1.0.0.tgz",
      "integrity": "sha1-hMbhWbgZBP3KWaDvRM2HDTElD5o="
    },
    "node_modules/depd": {
      "version": "1.1.2",
      "resolved": "https://registry.npm.taobao.org/depd/download/depd-1.1.2.tgz",
      "integrity": "sha1-m81S4UwJd2PnSbJ0xDRu0uVgtak=",
      "engines": {
        "node": ">= 0.6"
      }
    },
    "node_modules/destroy": {
      "version": "1.0.4",
      "resolved": "https://registry.npm.taobao.org/destroy/download/destroy-1.0.4.tgz",
      "integrity": "sha1-l4hXRCxEdJ5CBmE+N5RiBYJqvYA="
    },
    "node_modules/ee-first": {
      "version": "1.1.1",
      "resolved": "https://registry.npm.taobao.org/ee-first/download/ee-first-1.1.1.tgz",
      "integrity": "sha1-WQxhFWsK4vTwJVcyoViyZrxWsh0="
    },
    "node_modules/encodeurl": {
      "version": "1.0.2",
      "resolved": "https://registry.npm.taobao.org/encodeurl/download/encodeurl-1.0.2.tgz",
      "integrity": "sha1-rT/0yG7C0CkyL1oCw6mmBslbP1k=",
      "engines": {
        "node": ">= 0.8"
      }
    },
    "node_modules/escape-html": {
      "version": "1.0.3",
      "resolved": "https://registry.npm.taobao.org/escape-html/download/escape-html-1.0.3.tgz",
      "integrity": "sha1-Aljq5NPQwJdN4cFpGI7wBR0dGYg="
    },
    "node_modules/formidable": {
      "version": "1.2.2",
      "resolved": "https://registry.npm.taobao.org/formidable/download/formidable-1.2.2.tgz",
      "integrity": "sha1-v2muopcpgmdfAIZTQrmCmG9rjdk="
    },
    "node_modules/fresh": {
      "version": "0.5.2",
      "resolved": "https://registry.npm.taobao.org/fresh/download/fresh-0.5.2.tgz",
      "integrity": "sha1-PYyt2Q2XZWn6g1qx+OSyOhBWBac=",
      "engines": {
        "node": ">= 0.6"
      }
    },
    "node_modules/http-assert": {
      "version": "1.4.1",
      "resolved": "https://registry.npm.taobao.org/http-assert/download/http-assert-1.4.1.tgz",
      "integrity": "sha1-xfcl1neqfoc+9zYZm4lobM6zeHg=",
      "dependencies": {
        "deep-equal": "~1.0.1",
        "http-errors": "~1.7.2"
      },
      "engines": {
        "node": ">= 0.8"
      }
    },
    "node_modules/http-assert/node_modules/http-errors": {
      "version": "1.7.3",
      "resolved": "https://registry.npm.taobao.org/http-errors/download/http-errors-1.7.3.tgz?cache=0&sync_timestamp=1593407611415&other_urls=https%3A%2F%2Fregistry.npm.taobao.org%2Fhttp-errors%2Fdownload%2Fhttp-errors-1.7.3.tgz",
      "integrity": "sha1-bGGeT5xgMIw4UZSYwU+7EKrOuwY=",
      "dependencies": {
        "depd": "~1.1.2",
        "inherits": "2.0.4",
        "setprototypeof": "1.1.1",
        "statuses": ">= 1.5.0 < 2",
        "toidentifier": "1.0.0"
      },
      "engines": {
        "node": ">= 0.6"
      }
    },
    "node_modules/http-assert/node_modules/setprototypeof": {
      "version": "1.1.1",
      "resolved": "https://registry.npm.taobao.org/setprototypeof/download/setprototypeof-1.1.1.tgz",
      "integrity": "sha1-fpWsskqpL1iF4KvvW6ExMw1K5oM="
    },
    "node_modules/http-errors": {
      "version": "1.8.0",
      "resolved": "https://registry.npm.taobao.org/http-errors/download/http-errors-1.8.0.tgz?cache=0&sync_timestamp=1593407611415&other_urls=https%3A%2F%2Fregistry.npm.taobao.org%2Fhttp-errors%2Fdownload%2Fhttp-errors-1.8.0.tgz",
      "integrity": "sha1-ddG75JfhBE9R5O6ecEpi8o0zZQc=",
      "dependencies": {
        "depd": "~1.1.2",
        "inherits": "2.0.4",
        "setprototypeof": "1.2.0",
        "statuses": ">= 1.5.0 < 2",
        "toidentifier": "1.0.0"
      },
      "engines": {
        "node": ">= 0.6"
      }
    },
    "node_modules/iconv-lite": {
      "version": "0.4.24",
      "resolved": "https://registry.npm.taobao.org/iconv-lite/download/iconv-lite-0.4.24.tgz?cache=0&sync_timestamp=1594184325364&other_urls=https%3A%2F%2Fregistry.npm.taobao.org%2Ficonv-lite%2Fdownload%2Ficonv-lite-0.4.24.tgz",
      "integrity": "sha1-ICK0sl+93CHS9SSXSkdKr+czkIs=",
      "dependencies": {
        "safer-buffer": ">= 2.1.2 < 3"
      },
      "engines": {
        "node": ">=0.10.0"
      }
    },
    "node_modules/inflation": {
      "version": "2.0.0",
      "resolved": "https://registry.npm.taobao.org/inflation/download/inflation-2.0.0.tgz",
      "integrity": "sha1-i0F+R8KPklpFEz2RTKH9OJEH8w8=",
      "engines": {
        "node": ">= 0.8.0"
      }
    },
    "node_modules/inherits": {
      "version": "2.0.4",
      "resolved": "https://registry.npm.taobao.org/inherits/download/inherits-2.0.4.tgz",
      "integrity": "sha1-D6LGT5MpF8NDOg3tVTY6rjdBa3w="
    },
    "node_modules/is-generator-function": {
      "version": "1.0.8",
      "resolved": "https://registry.npm.taobao.org/is-generator-function/download/is-generator-function-1.0.8.tgz?cache=0&sync_timestamp=1606926808749&other_urls=https%3A%2F%2Fregistry.npm.taobao.org%2Fis-generator-function%2Fdownload%2Fis-generator-function-1.0.8.tgz",
      "integrity": "sha1-37XCsSDgKwqNnSxoBs1WIaqSL3s=",
      "engines": {
        "node": ">= 0.4"
      }
    },
    "node_modules/keygrip": {
      "version": "1.1.0",
      "resolved": "https://registry.npm.taobao.org/keygrip/download/keygrip-1.1.0.tgz",
      "integrity": "sha1-hxsWgdXhWcYqRFsMdLYV4JF+ciY=",
      "dependencies": {
        "tsscmp": "1.0.6"
      },
      "engines": {
        "node": ">= 0.6"
      }
    },
    "node_modules/koa": {
      "version": "2.13.1",
      "resolved": "https://registry.npm.taobao.org/koa/download/koa-2.13.1.tgz?cache=0&sync_timestamp=1609771532233&other_urls=https%3A%2F%2Fregistry.npm.taobao.org%2Fkoa%2Fdownload%2Fkoa-2.13.1.tgz",
      "integrity": "sha1-YnUXKHWye8/h1FQ1altrn1qbEFE=",
      "dependencies": {
        "accepts": "^1.3.5",
        "cache-content-type": "^1.0.0",
        "content-disposition": "~0.5.2",
        "content-type": "^1.0.4",
        "cookies": "~0.8.0",
        "debug": "~3.1.0",
        "delegates": "^1.0.0",
        "depd": "^2.0.0",
        "destroy": "^1.0.4",
        "encodeurl": "^1.0.2",
        "escape-html": "^1.0.3",
        "fresh": "~0.5.2",
        "http-assert": "^1.3.0",
        "http-errors": "^1.6.3",
        "is-generator-function": "^1.0.7",
        "koa-compose": "^4.1.0",
        "koa-convert": "^1.2.0",
        "on-finished": "^2.3.0",
        "only": "~0.0.2",
        "parseurl": "^1.3.2",
        "statuses": "^1.5.0",
        "type-is": "^1.6.16",
        "vary": "^1.1.2"
      },
      "engines": {
        "node": "^4.8.4 || ^6.10.1 || ^7.10.1 || >= 8.1.4"
      }
    },
    "node_modules/koa-body": {
      "version": "4.2.0",
      "resolved": "https://registry.npm.taobao.org/koa-body/download/koa-body-4.2.0.tgz",
      "integrity": "sha1-NyKSCLggdhrKWCLRTF/FXO4xsm8=",
      "dependencies": {
        "@types/formidable": "^1.0.31",
        "co-body": "^5.1.1",
        "formidable": "^1.1.1"
      }
    },
    "node_modules/koa-compose": {
      "version": "4.1.0",
      "resolved": "https://registry.npm.taobao.org/koa-compose/download/koa-compose-4.1.0.tgz",
      "integrity": "sha1-UHMGuTcZAdtBEhyBLpI9DWfT6Hc="
    },
    "node_modules/koa-convert": {
      "version": "1.2.0",
      "resolved": "https://registry.npm.taobao.org/koa-convert/download/koa-convert-1.2.0.tgz?cache=0&sync_timestamp=1599761700662&other_urls=https%3A%2F%2Fregistry.npm.taobao.org%2Fkoa-convert%2Fdownload%2Fkoa-convert-1.2.0.tgz",
      "integrity": "sha1-2kCHXfSd4FOQmNFwC1CCDOvNIdA=",
      "dependencies": {
        "co": "^4.6.0",
        "koa-compose": "^3.0.0"
      },
      "engines": {
        "node": ">= 4"
      }
    },
    "node_modules/koa-convert/node_modules/koa-compose": {
      "version": "3.2.1",
      "resolved": "https://registry.npm.taobao.org/koa-compose/download/koa-compose-3.2.1.tgz",
      "integrity": "sha1-qFzLQLfZhtjlo0Wzoazo6rz1Tec=",
      "dependencies": {
        "any-promise": "^1.1.0"
      }
    },
    "node_modules/koa-router": {
      "version": "10.0.0",
      "resolved": "https://registry.npm.taobao.org/koa-router/download/koa-router-10.0.0.tgz",
      "integrity": "sha1-e8dqAxCFcx5h/JLBaDaHsvRN5qQ=",
      "dependencies": {
        "debug": "^4.1.1",
        "http-errors": "^1.7.3",
        "koa-compose": "^4.1.0",
        "methods": "^1.1.2",
        "path-to-regexp": "^6.1.0"
      },
      "engines": {
        "node": ">= 8.0.0"
      }
    },
    "node_modules/koa-send": {
      "version": "5.0.1",
      "resolved": "https://registry.npm.taobao.org/koa-send/download/koa-send-5.0.1.tgz?cache=0&sync_timestamp=1594224361920&other_urls=https%3A%2F%2Fregistry.npm.taobao.org%2Fkoa-send%2Fdownload%2Fkoa-send-5.0.1.tgz",
      "integrity": "sha1-Odzuv6+zldDWC+r/ujpwtPVD/nk=",
      "dependencies": {
        "debug": "^4.1.1",
        "http-errors": "^1.7.3",
        "resolve-path": "^1.4.0"
      },
      "engines": {
        "node": ">= 8"
      }
    },
    "node_modules/koa-static": {
      "version": "5.0.0",
      "resolved": "https://registry.npm.taobao.org/koa-static/download/koa-static-5.0.0.tgz",
      "integrity": "sha1-XpL8lrU3rVIZ9CUxnJW2R3J3aUM=",
      "dependencies": {
        "debug": "^3.1.0",
        "koa-send": "^5.0.0"
      },
      "engines": {
        "node": ">= 7.6.0"
      }
    },
    "node_modules/koa-static/node_modules/debug": {
      "version": "3.2.7",
      "resolved": "https://registry.npm.taobao.org/debug/download/debug-3.2.7.tgz?cache=0&sync_timestamp=1607566551397&other_urls=https%3A%2F%2Fregistry.npm.taobao.org%2Fdebug%2Fdownload%2Fdebug-3.2.7.tgz",
      "integrity": "sha1-clgLfpFF+zm2Z2+cXl+xALk0F5o=",
      "dependencies": {
        "ms": "^2.1.1"
      }
    },
    "node_modules/koa/node_modules/debug": {
      "version": "3.1.0",
      "resolved": "https://registry.npm.taobao.org/debug/download/debug-3.1.0.tgz?cache=0&sync_timestamp=1607566551397&other_urls=https%3A%2F%2Fregistry.npm.taobao.org%2Fdebug%2Fdownload%2Fdebug-3.1.0.tgz",
      "integrity": "sha1-W7WgZyYotkFJVmuhaBnmFRjGcmE=",
      "dependencies": {
        "ms": "2.0.0"
      }
    },
    "node_modules/koa/node_modules/depd": {
      "version": "2.0.0",
      "resolved": "https://registry.npm.taobao.org/depd/download/depd-2.0.0.tgz",
      "integrity": "sha1-tpYWPMdXVg0JzyLMj60Vcbeedt8=",
      "engines": {
        "node": ">= 0.8"
      }
    },
    "node_modules/koa/node_modules/ms": {
      "version": "2.0.0",
      "resolved": "https://registry.npm.taobao.org/ms/download/ms-2.0.0.tgz?cache=0&sync_timestamp=1607433856030&other_urls=https%3A%2F%2Fregistry.npm.taobao.org%2Fms%2Fdownload%2Fms-2.0.0.tgz",
      "integrity": "sha1-VgiurfwAvmwpAd9fmGF4jeDVl8g="
    },
    "node_modules/media-typer": {
      "version": "0.3.0",
      "resolved": "https://registry.npm.taobao.org/media-typer/download/media-typer-0.3.0.tgz",
      "integrity": "sha1-hxDXrwqmJvj/+hzgAWhUUmMlV0g=",
      "engines": {
        "node": ">= 0.6"
      }
    },
    "node_modules/methods": {
      "version": "1.1.2",
      "resolved": "https://registry.npm.taobao.org/methods/download/methods-1.1.2.tgz",
      "integrity": "sha1-VSmk1nZUE07cxSZmVoNbD4Ua/O4=",
      "engines": {
        "node": ">= 0.6"
      }
    },
    "node_modules/mime-db": {
      "version": "1.45.0",
      "resolved": "https://registry.npm.taobao.org/mime-db/download/mime-db-1.45.0.tgz?cache=0&sync_timestamp=1600831212519&other_urls=https%3A%2F%2Fregistry.npm.taobao.org%2Fmime-db%2Fdownload%2Fmime-db-1.45.0.tgz",
      "integrity": "sha1-zO7aIczXw6dF66LezVXUtz54eeo=",
      "engines": {
        "node": ">= 0.6"
      }
    },
    "node_modules/mime-types": {
      "version": "2.1.28",
      "resolved": "https://registry.npm.taobao.org/mime-types/download/mime-types-2.1.28.tgz?cache=0&sync_timestamp=1609559936613&other_urls=https%3A%2F%2Fregistry.npm.taobao.org%2Fmime-types%2Fdownload%2Fmime-types-2.1.28.tgz",
      "integrity": "sha1-EWDEdX6rLFNjiI4AUnPs950qDs0=",
      "dependencies": {
        "mime-db": "1.45.0"
      },
      "engines": {
        "node": ">= 0.6"
      }
    },
    "node_modules/ms": {
      "version": "2.1.2",
      "resolved": "https://registry.npm.taobao.org/ms/download/ms-2.1.2.tgz?cache=0&sync_timestamp=1607433856030&other_urls=https%3A%2F%2Fregistry.npm.taobao.org%2Fms%2Fdownload%2Fms-2.1.2.tgz",
      "integrity": "sha1-0J0fNXtEP0kzgqjrPM0YOHKuYAk="
    },
    "node_modules/negotiator": {
      "version": "0.6.2",
      "resolved": "https://registry.npm.taobao.org/negotiator/download/negotiator-0.6.2.tgz",
      "integrity": "sha1-/qz3zPUlp3rpY0Q2pkiD/+yjRvs=",
      "engines": {
        "node": ">= 0.6"
      }
    },
    "node_modules/on-finished": {
      "version": "2.3.0",
      "resolved": "https://registry.npm.taobao.org/on-finished/download/on-finished-2.3.0.tgz",
      "integrity": "sha1-IPEzZIGwg811M3mSoWlxqi2QaUc=",
      "dependencies": {
        "ee-first": "1.1.1"
      },
      "engines": {
        "node": ">= 0.8"
      }
    },
    "node_modules/only": {
      "version": "0.0.2",
      "resolved": "https://registry.npm.taobao.org/only/download/only-0.0.2.tgz",
      "integrity": "sha1-Kv3oTQPlC5qO3EROMGEKcCle37Q="
    },
    "node_modules/parseurl": {
      "version": "1.3.3",
      "resolved": "https://registry.npm.taobao.org/parseurl/download/parseurl-1.3.3.tgz",
      "integrity": "sha1-naGee+6NEt/wUT7Vt2lXeTvC6NQ=",
      "engines": {
        "node": ">= 0.8"
      }
    },
    "node_modules/path-is-absolute": {
      "version": "1.0.1",
      "resolved": "https://registry.npm.taobao.org/path-is-absolute/download/path-is-absolute-1.0.1.tgz",
      "integrity": "sha1-F0uSaHNVNP+8es5r9TpanhtcX18=",
      "engines": {
        "node": ">=0.10.0"
      }
    },
    "node_modules/path-to-regexp": {
      "version": "6.2.0",
      "resolved": "https://registry.npm.taobao.org/path-to-regexp/download/path-to-regexp-6.2.0.tgz?cache=0&other_urls=https%3A%2F%2Fregistry.npm.taobao.org%2Fpath-to-regexp%2Fdownload%2Fpath-to-regexp-6.2.0.tgz",
      "integrity": "sha1-97OAMzYQTDRoia3s5hRmkjBkXzg="
    },
    "node_modules/qs": {
      "version": "6.9.6",
      "resolved": "https://registry.npm.taobao.org/qs/download/qs-6.9.6.tgz?cache=0&sync_timestamp=1610598174727&other_urls=https%3A%2F%2Fregistry.npm.taobao.org%2Fqs%2Fdownload%2Fqs-6.9.6.tgz",
      "integrity": "sha1-Ju08gkOkMbKSSsqEzJBHHzXVoO4=",
      "engines": {
        "node": ">=0.6"
      }
    },
    "node_modules/raw-body": {
      "version": "2.4.1",
      "resolved": "https://registry.npm.taobao.org/raw-body/download/raw-body-2.4.1.tgz",
      "integrity": "sha1-MKyC+Yu1rowVLmcUnayNVRU7Fow=",
      "dependencies": {
        "bytes": "3.1.0",
        "http-errors": "1.7.3",
        "iconv-lite": "0.4.24",
        "unpipe": "1.0.0"
      },
      "engines": {
        "node": ">= 0.8"
      }
    },
    "node_modules/raw-body/node_modules/http-errors": {
      "version": "1.7.3",
      "resolved": "https://registry.npm.taobao.org/http-errors/download/http-errors-1.7.3.tgz?cache=0&sync_timestamp=1593407611415&other_urls=https%3A%2F%2Fregistry.npm.taobao.org%2Fhttp-errors%2Fdownload%2Fhttp-errors-1.7.3.tgz",
      "integrity": "sha1-bGGeT5xgMIw4UZSYwU+7EKrOuwY=",
      "dependencies": {
        "depd": "~1.1.2",
        "inherits": "2.0.4",
        "setprototypeof": "1.1.1",
        "statuses": ">= 1.5.0 < 2",
        "toidentifier": "1.0.0"
      },
      "engines": {
        "node": ">= 0.6"
      }
    },
    "node_modules/raw-body/node_modules/setprototypeof": {
      "version": "1.1.1",
      "resolved": "https://registry.npm.taobao.org/setprototypeof/download/setprototypeof-1.1.1.tgz",
      "integrity": "sha1-fpWsskqpL1iF4KvvW6ExMw1K5oM="
    },
    "node_modules/resolve-path": {
      "version": "1.4.0",
      "resolved": "https://registry.npm.taobao.org/resolve-path/download/resolve-path-1.4.0.tgz",
      "integrity": "sha1-xL2p9e+y/OZSR4c6s2u02DT+Fvc=",
      "dependencies": {
        "http-errors": "~1.6.2",
        "path-is-absolute": "1.0.1"
      },
      "engines": {
        "node": ">= 0.8"
      }
    },
    "node_modules/resolve-path/node_modules/http-errors": {
      "version": "1.6.3",
      "resolved": "https://registry.npm.taobao.org/http-errors/download/http-errors-1.6.3.tgz?cache=0&sync_timestamp=1593407611415&other_urls=https%3A%2F%2Fregistry.npm.taobao.org%2Fhttp-errors%2Fdownload%2Fhttp-errors-1.6.3.tgz",
      "integrity": "sha1-i1VoC7S+KDoLW/TqLjhYC+HZMg0=",
      "dependencies": {
        "depd": "~1.1.2",
        "inherits": "2.0.3",
        "setprototypeof": "1.1.0",
        "statuses": ">= 1.4.0 < 2"
      },
      "engines": {
        "node": ">= 0.6"
      }
    },
    "node_modules/resolve-path/node_modules/inherits": {
      "version": "2.0.3",
      "resolved": "https://registry.npm.taobao.org/inherits/download/inherits-2.0.3.tgz",
      "integrity": "sha1-Yzwsg+PaQqUC9SRmAiSA9CCCYd4="
    },
    "node_modules/resolve-path/node_modules/setprototypeof": {
      "version": "1.1.0",
      "resolved": "https://registry.npm.taobao.org/setprototypeof/download/setprototypeof-1.1.0.tgz",
      "integrity": "sha1-0L2FU2iHtv58DYGMuWLZ2RxU5lY="
    },
    "node_modules/safe-buffer": {
      "version": "5.1.2",
      "resolved": "https://registry.npm.taobao.org/safe-buffer/download/safe-buffer-5.1.2.tgz",
      "integrity": "sha1-mR7GnSluAxN0fVm9/St0XDX4go0="
    },
    "node_modules/safer-buffer": {
      "version": "2.1.2",
      "resolved": "https://registry.npm.taobao.org/safer-buffer/download/safer-buffer-2.1.2.tgz",
      "integrity": "sha1-RPoWGwGHuVSd2Eu5GAL5vYOFzWo="
    },
    "node_modules/setprototypeof": {
      "version": "1.2.0",
      "resolved": "https://registry.npm.taobao.org/setprototypeof/download/setprototypeof-1.2.0.tgz",
      "integrity": "sha1-ZsmiSnP5/CjL5msJ/tPTPcrxtCQ="
    },
    "node_modules/statuses": {
      "version": "1.5.0",
      "resolved": "https://registry.npm.taobao.org/statuses/download/statuses-1.5.0.tgz?cache=0&sync_timestamp=1609654438540&other_urls=https%3A%2F%2Fregistry.npm.taobao.org%2Fstatuses%2Fdownload%2Fstatuses-1.5.0.tgz",
      "integrity": "sha1-Fhx9rBd2Wf2YEfQ3cfqZOBR4Yow=",
      "engines": {
        "node": ">= 0.6"
      }
    },
    "node_modules/toidentifier": {
      "version": "1.0.0",
      "resolved": "https://registry.npm.taobao.org/toidentifier/download/toidentifier-1.0.0.tgz",
      "integrity": "sha1-fhvjRw8ed5SLxD2Uo8j013UrpVM=",
      "engines": {
        "node": ">=0.6"
      }
    },
    "node_modules/tsscmp": {
      "version": "1.0.6",
      "resolved": "https://registry.npm.taobao.org/tsscmp/download/tsscmp-1.0.6.tgz",
      "integrity": "sha1-hbmVg6w1iexL/vgltQAKqRHWBes=",
      "engines": {
        "node": ">=0.6.x"
      }
    },
    "node_modules/type-is": {
      "version": "1.6.18",
      "resolved": "https://registry.npm.taobao.org/type-is/download/type-is-1.6.18.tgz",
      "integrity": "sha1-TlUs0F3wlGfcvE73Od6J8s83wTE=",
      "dependencies": {
        "media-typer": "0.3.0",
        "mime-types": "~2.1.24"
      },
      "engines": {
        "node": ">= 0.6"
      }
    },
    "node_modules/unpipe": {
      "version": "1.0.0",
      "resolved": "https://registry.npm.taobao.org/unpipe/download/unpipe-1.0.0.tgz",
      "integrity": "sha1-sr9O6FFKrmFltIF4KdIbLvSZBOw=",
      "engines": {
        "node": ">= 0.8"
      }
    },
    "node_modules/vary": {
      "version": "1.1.2",
      "resolved": "https://registry.npm.taobao.org/vary/download/vary-1.1.2.tgz",
      "integrity": "sha1-IpnwLG3tMNSllhsLn3RSShj2NPw=",
      "engines": {
        "node": ">= 0.8"
      }
    },
    "node_modules/ylru": {
      "version": "1.2.1",
      "resolved": "https://registry.npm.taobao.org/ylru/download/ylru-1.2.1.tgz",
      "integrity": "sha1-9Xa2M0FUeYnB3nuiiHYJI7J/6E8=",
      "engines": {
        "node": ">= 4.0.0"
      }
    }
  },
  "dependencies": {
    "@types/formidable": {
      "version": "1.0.32",
      "resolved": "https://registry.npm.taobao.org/@types/formidable/download/@types/formidable-1.0.32.tgz",
      "integrity": "sha1-2afu+6qZWkSG7E45YOlVLmiz8zw=",
      "requires": {
        "@types/node": "*"
      }
    },
    "@types/node": {
      "version": "14.14.20",
      "resolved": "https://registry.npm.taobao.org/@types/node/download/@types/node-14.14.20.tgz",
      "integrity": "sha1-95dIY+3SHR+KSUpz6OKzZYYVw0A="
    },
    "accepts": {
      "version": "1.3.7",
      "resolved": "https://registry.npm.taobao.org/accepts/download/accepts-1.3.7.tgz",
      "integrity": "sha1-UxvHJlF6OytB+FACHGzBXqq1B80=",
      "requires": {
        "mime-types": "~2.1.24",
        "negotiator": "0.6.2"
      }
    },
    "any-promise": {
      "version": "1.3.0",
      "resolved": "https://registry.npm.taobao.org/any-promise/download/any-promise-1.3.0.tgz",
      "integrity": "sha1-q8av7tzqUugJzcA3au0845Y10X8="
    },
    "bytes": {
      "version": "3.1.0",
      "resolved": "https://registry.npm.taobao.org/bytes/download/bytes-3.1.0.tgz",
      "integrity": "sha1-9s95M6Ng4FiPqf3oVlHNx/gF0fY="
    },
    "cache-content-type": {
      "version": "1.0.1",
      "resolved": "https://registry.npm.taobao.org/cache-content-type/download/cache-content-type-1.0.1.tgz",
      "integrity": "sha1-A1zeKwjuISn0qDFeqPAKANuhRTw=",
      "requires": {
        "mime-types": "^2.1.18",
        "ylru": "^1.2.0"
      }
    },
    "co": {
      "version": "4.6.0",
      "resolved": "https://registry.npm.taobao.org/co/download/co-4.6.0.tgz",
      "integrity": "sha1-bqa989hTrlTMuOR7+gvz+QMfsYQ="
    },
    "co-body": {
      "version": "5.2.0",
      "resolved": "https://registry.npm.taobao.org/co-body/download/co-body-5.2.0.tgz?cache=0&sync_timestamp=1602173624065&other_urls=https%3A%2F%2Fregistry.npm.taobao.org%2Fco-body%2Fdownload%2Fco-body-5.2.0.tgz",
      "integrity": "sha1-WgpljEYCkTHg46MG9nZHMC9xwSQ=",
      "requires": {
        "inflation": "^2.0.0",
        "qs": "^6.4.0",
        "raw-body": "^2.2.0",
        "type-is": "^1.6.14"
      }
    },
    "content-disposition": {
      "version": "0.5.3",
      "resolved": "https://registry.npm.taobao.org/content-disposition/download/content-disposition-0.5.3.tgz",
      "integrity": "sha1-4TDK9+cnkIfFYWwgB9BIVpiYT70=",
      "requires": {
        "safe-buffer": "5.1.2"
      }
    },
    "content-type": {
      "version": "1.0.4",
      "resolved": "https://registry.npm.taobao.org/content-type/download/content-type-1.0.4.tgz",
      "integrity": "sha1-4TjMdeBAxyexlm/l5fjJruJW/js="
    },
    "cookies": {
      "version": "0.8.0",
      "resolved": "https://registry.npm.taobao.org/cookies/download/cookies-0.8.0.tgz",
      "integrity": "sha1-EpPOSzkXQKhAbjyYcOgoxLVPP5A=",
      "requires": {
        "depd": "~2.0.0",
        "keygrip": "~1.1.0"
      },
      "dependencies": {
        "depd": {
          "version": "2.0.0",
          "resolved": "https://registry.npm.taobao.org/depd/download/depd-2.0.0.tgz",
          "integrity": "sha1-tpYWPMdXVg0JzyLMj60Vcbeedt8="
        }
      }
    },
    "debug": {
      "version": "4.3.1",
      "resolved": "https://registry.npm.taobao.org/debug/download/debug-4.3.1.tgz?cache=0&sync_timestamp=1607566551397&other_urls=https%3A%2F%2Fregistry.npm.taobao.org%2Fdebug%2Fdownload%2Fdebug-4.3.1.tgz",
      "integrity": "sha1-8NIpxQXgxtjEmsVT0bE9wYP2su4=",
      "requires": {
        "ms": "2.1.2"
      }
    },
    "deep-equal": {
      "version": "1.0.1",
      "resolved": "https://registry.npm.taobao.org/deep-equal/download/deep-equal-1.0.1.tgz?cache=0&sync_timestamp=1606860101281&other_urls=https%3A%2F%2Fregistry.npm.taobao.org%2Fdeep-equal%2Fdownload%2Fdeep-equal-1.0.1.tgz",
      "integrity": "sha1-9dJgKStmDghO/0zbyfCK0yR0SLU="
    },
    "delegates": {
      "version": "1.0.0",
      "resolved": "https://registry.npm.taobao.org/delegates/download/delegates-1.0.0.tgz",
      "integrity": "sha1-hMbhWbgZBP3KWaDvRM2HDTElD5o="
    },
    "depd": {
      "version": "1.1.2",
      "resolved": "https://registry.npm.taobao.org/depd/download/depd-1.1.2.tgz",
      "integrity": "sha1-m81S4UwJd2PnSbJ0xDRu0uVgtak="
    },
    "destroy": {
      "version": "1.0.4",
      "resolved": "https://registry.npm.taobao.org/destroy/download/destroy-1.0.4.tgz",
      "integrity": "sha1-l4hXRCxEdJ5CBmE+N5RiBYJqvYA="
    },
    "ee-first": {
      "version": "1.1.1",
      "resolved": "https://registry.npm.taobao.org/ee-first/download/ee-first-1.1.1.tgz",
      "integrity": "sha1-WQxhFWsK4vTwJVcyoViyZrxWsh0="
    },
    "encodeurl": {
      "version": "1.0.2",
      "resolved": "https://registry.npm.taobao.org/encodeurl/download/encodeurl-1.0.2.tgz",
      "integrity": "sha1-rT/0yG7C0CkyL1oCw6mmBslbP1k="
    },
    "escape-html": {
      "version": "1.0.3",
      "resolved": "https://registry.npm.taobao.org/escape-html/download/escape-html-1.0.3.tgz",
      "integrity": "sha1-Aljq5NPQwJdN4cFpGI7wBR0dGYg="
    },
    "formidable": {
      "version": "1.2.2",
      "resolved": "https://registry.npm.taobao.org/formidable/download/formidable-1.2.2.tgz",
      "integrity": "sha1-v2muopcpgmdfAIZTQrmCmG9rjdk="
    },
    "fresh": {
      "version": "0.5.2",
      "resolved": "https://registry.npm.taobao.org/fresh/download/fresh-0.5.2.tgz",
      "integrity": "sha1-PYyt2Q2XZWn6g1qx+OSyOhBWBac="
    },
    "http-assert": {
      "version": "1.4.1",
      "resolved": "https://registry.npm.taobao.org/http-assert/download/http-assert-1.4.1.tgz",
      "integrity": "sha1-xfcl1neqfoc+9zYZm4lobM6zeHg=",
      "requires": {
        "deep-equal": "~1.0.1",
        "http-errors": "~1.7.2"
      },
      "dependencies": {
        "http-errors": {
          "version": "1.7.3",
          "resolved": "https://registry.npm.taobao.org/http-errors/download/http-errors-1.7.3.tgz?cache=0&sync_timestamp=1593407611415&other_urls=https%3A%2F%2Fregistry.npm.taobao.org%2Fhttp-errors%2Fdownload%2Fhttp-errors-1.7.3.tgz",
          "integrity": "sha1-bGGeT5xgMIw4UZSYwU+7EKrOuwY=",
          "requires": {
            "depd": "~1.1.2",
            "inherits": "2.0.4",
            "setprototypeof": "1.1.1",
            "statuses": ">= 1.5.0 < 2",
            "toidentifier": "1.0.0"
          }
        },
        "setprototypeof": {
          "version": "1.1.1",
          "resolved": "https://registry.npm.taobao.org/setprototypeof/download/setprototypeof-1.1.1.tgz",
          "integrity": "sha1-fpWsskqpL1iF4KvvW6ExMw1K5oM="
        }
      }
    },
    "http-errors": {
      "version": "1.8.0",
      "resolved": "https://registry.npm.taobao.org/http-errors/download/http-errors-1.8.0.tgz?cache=0&sync_timestamp=1593407611415&other_urls=https%3A%2F%2Fregistry.npm.taobao.org%2Fhttp-errors%2Fdownload%2Fhttp-errors-1.8.0.tgz",
      "integrity": "sha1-ddG75JfhBE9R5O6ecEpi8o0zZQc=",
      "requires": {
        "depd": "~1.1.2",
        "inherits": "2.0.4",
        "setprototypeof": "1.2.0",
        "statuses": ">= 1.5.0 < 2",
        "toidentifier": "1.0.0"
      }
    },
    "iconv-lite": {
      "version": "0.4.24",
      "resolved": "https://registry.npm.taobao.org/iconv-lite/download/iconv-lite-0.4.24.tgz?cache=0&sync_timestamp=1594184325364&other_urls=https%3A%2F%2Fregistry.npm.taobao.org%2Ficonv-lite%2Fdownload%2Ficonv-lite-0.4.24.tgz",
      "integrity": "sha1-ICK0sl+93CHS9SSXSkdKr+czkIs=",
      "requires": {
        "safer-buffer": ">= 2.1.2 < 3"
      }
    },
    "inflation": {
      "version": "2.0.0",
      "resolved": "https://registry.npm.taobao.org/inflation/download/inflation-2.0.0.tgz",
      "integrity": "sha1-i0F+R8KPklpFEz2RTKH9OJEH8w8="
    },
    "inherits": {
      "version": "2.0.4",
      "resolved": "https://registry.npm.taobao.org/inherits/download/inherits-2.0.4.tgz",
      "integrity": "sha1-D6LGT5MpF8NDOg3tVTY6rjdBa3w="
    },
    "is-generator-function": {
      "version": "1.0.8",
      "resolved": "https://registry.npm.taobao.org/is-generator-function/download/is-generator-function-1.0.8.tgz?cache=0&sync_timestamp=1606926808749&other_urls=https%3A%2F%2Fregistry.npm.taobao.org%2Fis-generator-function%2Fdownload%2Fis-generator-function-1.0.8.tgz",
      "integrity": "sha1-37XCsSDgKwqNnSxoBs1WIaqSL3s="
    },
    "keygrip": {
      "version": "1.1.0",
      "resolved": "https://registry.npm.taobao.org/keygrip/download/keygrip-1.1.0.tgz",
      "integrity": "sha1-hxsWgdXhWcYqRFsMdLYV4JF+ciY=",
      "requires": {
        "tsscmp": "1.0.6"
      }
    },
    "koa": {
      "version": "2.13.1",
      "resolved": "https://registry.npm.taobao.org/koa/download/koa-2.13.1.tgz?cache=0&sync_timestamp=1609771532233&other_urls=https%3A%2F%2Fregistry.npm.taobao.org%2Fkoa%2Fdownload%2Fkoa-2.13.1.tgz",
      "integrity": "sha1-YnUXKHWye8/h1FQ1altrn1qbEFE=",
      "requires": {
        "accepts": "^1.3.5",
        "cache-content-type": "^1.0.0",
        "content-disposition": "~0.5.2",
        "content-type": "^1.0.4",
        "cookies": "~0.8.0",
        "debug": "~3.1.0",
        "delegates": "^1.0.0",
        "depd": "^2.0.0",
        "destroy": "^1.0.4",
        "encodeurl": "^1.0.2",
        "escape-html": "^1.0.3",
        "fresh": "~0.5.2",
        "http-assert": "^1.3.0",
        "http-errors": "^1.6.3",
        "is-generator-function": "^1.0.7",
        "koa-compose": "^4.1.0",
        "koa-convert": "^1.2.0",
        "on-finished": "^2.3.0",
        "only": "~0.0.2",
        "parseurl": "^1.3.2",
        "statuses": "^1.5.0",
        "type-is": "^1.6.16",
        "vary": "^1.1.2"
      },
      "dependencies": {
        "debug": {
          "version": "3.1.0",
          "resolved": "https://registry.npm.taobao.org/debug/download/debug-3.1.0.tgz?cache=0&sync_timestamp=1607566551397&other_urls=https%3A%2F%2Fregistry.npm.taobao.org%2Fdebug%2Fdownload%2Fdebug-3.1.0.tgz",
          "integrity": "sha1-W7WgZyYotkFJVmuhaBnmFRjGcmE=",
          "requires": {
            "ms": "2.0.0"
          }
        },
        "depd": {
          "version": "2.0.0",
          "resolved": "https://registry.npm.taobao.org/depd/download/depd-2.0.0.tgz",
          "integrity": "sha1-tpYWPMdXVg0JzyLMj60Vcbeedt8="
        },
        "ms": {
          "version": "2.0.0",
          "resolved": "https://registry.npm.taobao.org/ms/download/ms-2.0.0.tgz?cache=0&sync_timestamp=1607433856030&other_urls=https%3A%2F%2Fregistry.npm.taobao.org%2Fms%2Fdownload%2Fms-2.0.0.tgz",
          "integrity": "sha1-VgiurfwAvmwpAd9fmGF4jeDVl8g="
        }
      }
    },
    "koa-body": {
      "version": "4.2.0",
      "resolved": "https://registry.npm.taobao.org/koa-body/download/koa-body-4.2.0.tgz",
      "integrity": "sha1-NyKSCLggdhrKWCLRTF/FXO4xsm8=",
      "requires": {
        "@types/formidable": "^1.0.31",
        "co-body": "^5.1.1",
        "formidable": "^1.1.1"
      }
    },
    "koa-compose": {
      "version": "4.1.0",
      "resolved": "https://registry.npm.taobao.org/koa-compose/download/koa-compose-4.1.0.tgz",
      "integrity": "sha1-UHMGuTcZAdtBEhyBLpI9DWfT6Hc="
    },
    "koa-convert": {
      "version": "1.2.0",
      "resolved": "https://registry.npm.taobao.org/koa-convert/download/koa-convert-1.2.0.tgz?cache=0&sync_timestamp=1599761700662&other_urls=https%3A%2F%2Fregistry.npm.taobao.org%2Fkoa-convert%2Fdownload%2Fkoa-convert-1.2.0.tgz",
      "integrity": "sha1-2kCHXfSd4FOQmNFwC1CCDOvNIdA=",
      "requires": {
        "co": "^4.6.0",
        "koa-compose": "^3.0.0"
      },
      "dependencies": {
        "koa-compose": {
          "version": "3.2.1",
          "resolved": "https://registry.npm.taobao.org/koa-compose/download/koa-compose-3.2.1.tgz",
          "integrity": "sha1-qFzLQLfZhtjlo0Wzoazo6rz1Tec=",
          "requires": {
            "any-promise": "^1.1.0"
          }
        }
      }
    },
    "koa-router": {
      "version": "10.0.0",
      "resolved": "https://registry.npm.taobao.org/koa-router/download/koa-router-10.0.0.tgz",
      "integrity": "sha1-e8dqAxCFcx5h/JLBaDaHsvRN5qQ=",
      "requires": {
        "debug": "^4.1.1",
        "http-errors": "^1.7.3",
        "koa-compose": "^4.1.0",
        "methods": "^1.1.2",
        "path-to-regexp": "^6.1.0"
      }
    },
    "koa-send": {
      "version": "5.0.1",
      "resolved": "https://registry.npm.taobao.org/koa-send/download/koa-send-5.0.1.tgz?cache=0&sync_timestamp=1594224361920&other_urls=https%3A%2F%2Fregistry.npm.taobao.org%2Fkoa-send%2Fdownload%2Fkoa-send-5.0.1.tgz",
      "integrity": "sha1-Odzuv6+zldDWC+r/ujpwtPVD/nk=",
      "requires": {
        "debug": "^4.1.1",
        "http-errors": "^1.7.3",
        "resolve-path": "^1.4.0"
      }
    },
    "koa-static": {
      "version": "5.0.0",
      "resolved": "https://registry.npm.taobao.org/koa-static/download/koa-static-5.0.0.tgz",
      "integrity": "sha1-XpL8lrU3rVIZ9CUxnJW2R3J3aUM=",
      "requires": {
        "debug": "^3.1.0",
        "koa-send": "^5.0.0"
      },
      "dependencies": {
        "debug": {
          "version": "3.2.7",
          "resolved": "https://registry.npm.taobao.org/debug/download/debug-3.2.7.tgz?cache=0&sync_timestamp=1607566551397&other_urls=https%3A%2F%2Fregistry.npm.taobao.org%2Fdebug%2Fdownload%2Fdebug-3.2.7.tgz",
          "integrity": "sha1-clgLfpFF+zm2Z2+cXl+xALk0F5o=",
          "requires": {
            "ms": "^2.1.1"
          }
        }
      }
    },
    "media-typer": {
      "version": "0.3.0",
      "resolved": "https://registry.npm.taobao.org/media-typer/download/media-typer-0.3.0.tgz",
      "integrity": "sha1-hxDXrwqmJvj/+hzgAWhUUmMlV0g="
    },
    "methods": {
      "version": "1.1.2",
      "resolved": "https://registry.npm.taobao.org/methods/download/methods-1.1.2.tgz",
      "integrity": "sha1-VSmk1nZUE07cxSZmVoNbD4Ua/O4="
    },
    "mime-db": {
      "version": "1.45.0",
      "resolved": "https://registry.npm.taobao.org/mime-db/download/mime-db-1.45.0.tgz?cache=0&sync_timestamp=1600831212519&other_urls=https%3A%2F%2Fregistry.npm.taobao.org%2Fmime-db%2Fdownload%2Fmime-db-1.45.0.tgz",
      "integrity": "sha1-zO7aIczXw6dF66LezVXUtz54eeo="
    },
    "mime-types": {
      "version": "2.1.28",
      "resolved": "https://registry.npm.taobao.org/mime-types/download/mime-types-2.1.28.tgz?cache=0&sync_timestamp=1609559936613&other_urls=https%3A%2F%2Fregistry.npm.taobao.org%2Fmime-types%2Fdownload%2Fmime-types-2.1.28.tgz",
      "integrity": "sha1-EWDEdX6rLFNjiI4AUnPs950qDs0=",
      "requires": {
        "mime-db": "1.45.0"
      }
    },
    "ms": {
      "version": "2.1.2",
      "resolved": "https://registry.npm.taobao.org/ms/download/ms-2.1.2.tgz?cache=0&sync_timestamp=1607433856030&other_urls=https%3A%2F%2Fregistry.npm.taobao.org%2Fms%2Fdownload%2Fms-2.1.2.tgz",
      "integrity": "sha1-0J0fNXtEP0kzgqjrPM0YOHKuYAk="
    },
    "negotiator": {
      "version": "0.6.2",
      "resolved": "https://registry.npm.taobao.org/negotiator/download/negotiator-0.6.2.tgz",
      "integrity": "sha1-/qz3zPUlp3rpY0Q2pkiD/+yjRvs="
    },
    "on-finished": {
      "version": "2.3.0",
      "resolved": "https://registry.npm.taobao.org/on-finished/download/on-finished-2.3.0.tgz",
      "integrity": "sha1-IPEzZIGwg811M3mSoWlxqi2QaUc=",
      "requires": {
        "ee-first": "1.1.1"
      }
    },
    "only": {
      "version": "0.0.2",
      "resolved": "https://registry.npm.taobao.org/only/download/only-0.0.2.tgz",
      "integrity": "sha1-Kv3oTQPlC5qO3EROMGEKcCle37Q="
    },
    "parseurl": {
      "version": "1.3.3",
      "resolved": "https://registry.npm.taobao.org/parseurl/download/parseurl-1.3.3.tgz",
      "integrity": "sha1-naGee+6NEt/wUT7Vt2lXeTvC6NQ="
    },
    "path-is-absolute": {
      "version": "1.0.1",
      "resolved": "https://registry.npm.taobao.org/path-is-absolute/download/path-is-absolute-1.0.1.tgz",
      "integrity": "sha1-F0uSaHNVNP+8es5r9TpanhtcX18="
    },
    "path-to-regexp": {
      "version": "6.2.0",
      "resolved": "https://registry.npm.taobao.org/path-to-regexp/download/path-to-regexp-6.2.0.tgz?cache=0&other_urls=https%3A%2F%2Fregistry.npm.taobao.org%2Fpath-to-regexp%2Fdownload%2Fpath-to-regexp-6.2.0.tgz",
      "integrity": "sha1-97OAMzYQTDRoia3s5hRmkjBkXzg="
    },
    "qs": {
      "version": "6.9.6",
      "resolved": "https://registry.npm.taobao.org/qs/download/qs-6.9.6.tgz?cache=0&sync_timestamp=1610598174727&other_urls=https%3A%2F%2Fregistry.npm.taobao.org%2Fqs%2Fdownload%2Fqs-6.9.6.tgz",
      "integrity": "sha1-Ju08gkOkMbKSSsqEzJBHHzXVoO4="
    },
    "raw-body": {
      "version": "2.4.1",
      "resolved": "https://registry.npm.taobao.org/raw-body/download/raw-body-2.4.1.tgz",
      "integrity": "sha1-MKyC+Yu1rowVLmcUnayNVRU7Fow=",
      "requires": {
        "bytes": "3.1.0",
        "http-errors": "1.7.3",
        "iconv-lite": "0.4.24",
        "unpipe": "1.0.0"
      },
      "dependencies": {
        "http-errors": {
          "version": "1.7.3",
          "resolved": "https://registry.npm.taobao.org/http-errors/download/http-errors-1.7.3.tgz?cache=0&sync_timestamp=1593407611415&other_urls=https%3A%2F%2Fregistry.npm.taobao.org%2Fhttp-errors%2Fdownload%2Fhttp-errors-1.7.3.tgz",
          "integrity": "sha1-bGGeT5xgMIw4UZSYwU+7EKrOuwY=",
          "requires": {
            "depd": "~1.1.2",
            "inherits": "2.0.4",
            "setprototypeof": "1.1.1",
            "statuses": ">= 1.5.0 < 2",
            "toidentifier": "1.0.0"
          }
        },
        "setprototypeof": {
          "version": "1.1.1",
          "resolved": "https://registry.npm.taobao.org/setprototypeof/download/setprototypeof-1.1.1.tgz",
          "integrity": "sha1-fpWsskqpL1iF4KvvW6ExMw1K5oM="
        }
      }
    },
    "resolve-path": {
      "version": "1.4.0",
      "resolved": "https://registry.npm.taobao.org/resolve-path/download/resolve-path-1.4.0.tgz",
      "integrity": "sha1-xL2p9e+y/OZSR4c6s2u02DT+Fvc=",
      "requires": {
        "http-errors": "~1.6.2",
        "path-is-absolute": "1.0.1"
      },
      "dependencies": {
        "http-errors": {
          "version": "1.6.3",
          "resolved": "https://registry.npm.taobao.org/http-errors/download/http-errors-1.6.3.tgz?cache=0&sync_timestamp=1593407611415&other_urls=https%3A%2F%2Fregistry.npm.taobao.org%2Fhttp-errors%2Fdownload%2Fhttp-errors-1.6.3.tgz",
          "integrity": "sha1-i1VoC7S+KDoLW/TqLjhYC+HZMg0=",
          "requires": {
            "depd": "~1.1.2",
            "inherits": "2.0.3",
            "setprototypeof": "1.1.0",
            "statuses": ">= 1.4.0 < 2"
          }
        },
        "inherits": {
          "version": "2.0.3",
          "resolved": "https://registry.npm.taobao.org/inherits/download/inherits-2.0.3.tgz",
          "integrity": "sha1-Yzwsg+PaQqUC9SRmAiSA9CCCYd4="
        },
        "setprototypeof": {
          "version": "1.1.0",
          "resolved": "https://registry.npm.taobao.org/setprototypeof/download/setprototypeof-1.1.0.tgz",
          "integrity": "sha1-0L2FU2iHtv58DYGMuWLZ2RxU5lY="
        }
      }
    },
    "safe-buffer": {
      "version": "5.1.2",
      "resolved": "https://registry.npm.taobao.org/safe-buffer/download/safe-buffer-5.1.2.tgz",
      "integrity": "sha1-mR7GnSluAxN0fVm9/St0XDX4go0="
    },
    "safer-buffer": {
      "version": "2.1.2",
      "resolved": "https://registry.npm.taobao.org/safer-buffer/download/safer-buffer-2.1.2.tgz",
      "integrity": "sha1-RPoWGwGHuVSd2Eu5GAL5vYOFzWo="
    },
    "setprototypeof": {
      "version": "1.2.0",
      "resolved": "https://registry.npm.taobao.org/setprototypeof/download/setprototypeof-1.2.0.tgz",
      "integrity": "sha1-ZsmiSnP5/CjL5msJ/tPTPcrxtCQ="
    },
    "statuses": {
      "version": "1.5.0",
      "resolved": "https://registry.npm.taobao.org/statuses/download/statuses-1.5.0.tgz?cache=0&sync_timestamp=1609654438540&other_urls=https%3A%2F%2Fregistry.npm.taobao.org%2Fstatuses%2Fdownload%2Fstatuses-1.5.0.tgz",
      "integrity": "sha1-Fhx9rBd2Wf2YEfQ3cfqZOBR4Yow="
    },
    "toidentifier": {
      "version": "1.0.0",
      "resolved": "https://registry.npm.taobao.org/toidentifier/download/toidentifier-1.0.0.tgz",
      "integrity": "sha1-fhvjRw8ed5SLxD2Uo8j013UrpVM="
    },
    "tsscmp": {
      "version": "1.0.6",
      "resolved": "https://registry.npm.taobao.org/tsscmp/download/tsscmp-1.0.6.tgz",
      "integrity": "sha1-hbmVg6w1iexL/vgltQAKqRHWBes="
    },
    "type-is": {
      "version": "1.6.18",
      "resolved": "https://registry.npm.taobao.org/type-is/download/type-is-1.6.18.tgz",
      "integrity": "sha1-TlUs0F3wlGfcvE73Od6J8s83wTE=",
      "requires": {
        "media-typer": "0.3.0",
        "mime-types": "~2.1.24"
      }
    },
    "unpipe": {
      "version": "1.0.0",
      "resolved": "https://registry.npm.taobao.org/unpipe/download/unpipe-1.0.0.tgz",
      "integrity": "sha1-sr9O6FFKrmFltIF4KdIbLvSZBOw="
    },
    "vary": {
      "version": "1.1.2",
      "resolved": "https://registry.npm.taobao.org/vary/download/vary-1.1.2.tgz",
      "integrity": "sha1-IpnwLG3tMNSllhsLn3RSShj2NPw="
    },
    "ylru": {
      "version": "1.2.1",
      "resolved": "https://registry.npm.taobao.org/ylru/download/ylru-1.2.1.tgz",
      "integrity": "sha1-9Xa2M0FUeYnB3nuiiHYJI7J/6E8="
    }
  }
}
